// !$*UTF8*$!
{
	archiveVersion = 1;
	classes = {
	};
	objectVersion = 56;
	objects = {

/* Begin PBXBuildFile section */
		BE3A3D182A4D688400F03EF7 /* CreateView.swift in Sources */ = {isa = PBXBuildFile; fileRef = BE3A3D172A4D688400F03EF7 /* CreateView.swift */; };
		BE3A3D1B2A4EB4DC00F03EF7 /* NetworkingManager.swift in Sources */ = {isa = PBXBuildFile; fileRef = BE3A3D1A2A4EB4DC00F03EF7 /* NetworkingManager.swift */; };
		BE3A3D1D2A4ED46C00F03EF7 /* PeopleViewModel.swift in Sources */ = {isa = PBXBuildFile; fileRef = BE3A3D1C2A4ED46C00F03EF7 /* PeopleViewModel.swift */; };
		BE5202902A454DE0003124B8 /* UsersResponse.swift in Sources */ = {isa = PBXBuildFile; fileRef = BE52028F2A454DE0003124B8 /* UsersResponse.swift */; };
		BE5202922A454DF1003124B8 /* UserDetailResponse.swift in Sources */ = {isa = PBXBuildFile; fileRef = BE5202912A454DF1003124B8 /* UserDetailResponse.swift */; };
		BE5202952A4550BD003124B8 /* StaticJsonMapper.swift in Sources */ = {isa = PBXBuildFile; fileRef = BE5202942A4550BD003124B8 /* StaticJsonMapper.swift */; };
		BE5202992A455F31003124B8 /* PeopleView.swift in Sources */ = {isa = PBXBuildFile; fileRef = BE5202982A455F31003124B8 /* PeopleView.swift */; };
		BE52029C2A45608B003124B8 /* symbol.swift in Sources */ = {isa = PBXBuildFile; fileRef = BE52029B2A45608B003124B8 /* symbol.swift */; };
		BE52029E2A4560A9003124B8 /* theming.swift in Sources */ = {isa = PBXBuildFile; fileRef = BE52029D2A4560A9003124B8 /* theming.swift */; };
		BE5202A12A4561A5003124B8 /* SingleUserData.json in Resources */ = {isa = PBXBuildFile; fileRef = BE5202A02A4561A5003124B8 /* SingleUserData.json */; };
		BE5202A32A4561D5003124B8 /* UsersStaticData.json in Resources */ = {isa = PBXBuildFile; fileRef = BE5202A22A4561D5003124B8 /* UsersStaticData.json */; };
		BE5202A52A458856003124B8 /* PersonItemView.swift in Sources */ = {isa = PBXBuildFile; fileRef = BE5202A42A458856003124B8 /* PersonItemView.swift */; };
		BE5202A82A458E46003124B8 /* Pill View.swift in Sources */ = {isa = PBXBuildFile; fileRef = BE5202A72A458E46003124B8 /* Pill View.swift */; };
		BE8E824B2A4EE2C100ACFF79 /* DetailsViewModel.swift in Sources */ = {isa = PBXBuildFile; fileRef = BE8E824A2A4EE2C100ACFF79 /* DetailsViewModel.swift */; };
		BE9C76BC2A46C8BF002B4886 /* DetailView.swift in Sources */ = {isa = PBXBuildFile; fileRef = BE9C76BB2A46C8BF002B4886 /* DetailView.swift */; };
		BEBAE3BD2A443E41006BE6DA /* PeoplesApp.swift in Sources */ = {isa = PBXBuildFile; fileRef = BEBAE3BC2A443E41006BE6DA /* PeoplesApp.swift */; };
		BEBAE3C12A443E43006BE6DA /* Assets.xcassets in Resources */ = {isa = PBXBuildFile; fileRef = BEBAE3C02A443E43006BE6DA /* Assets.xcassets */; };
		BEBAE3C42A443E44006BE6DA /* Preview Assets.xcassets in Resources */ = {isa = PBXBuildFile; fileRef = BEBAE3C32A443E44006BE6DA /* Preview Assets.xcassets */; };
		BEC55DD42A454B59008F371F /* Model.swift in Sources */ = {isa = PBXBuildFile; fileRef = BEC55DD32A454B59008F371F /* Model.swift */; };
		BEFDCB532A51572A006B41E8 /* Person.swift in Sources */ = {isa = PBXBuildFile; fileRef = BEFDCB522A51572A006B41E8 /* Person.swift */; };
		BEFDCB552A51578A006B41E8 /* CreateViewModel.swift in Sources */ = {isa = PBXBuildFile; fileRef = BEFDCB542A51578A006B41E8 /* CreateViewModel.swift */; };
		BEFDCB572A51B196006B41E8 /* CheckMarkPopOverViews.swift in Sources */ = {isa = PBXBuildFile; fileRef = BEFDCB562A51B196006B41E8 /* CheckMarkPopOverViews.swift */; };
		BEFDCB5A2A51BECD006B41E8 /* CreateValidator.swift in Sources */ = {isa = PBXBuildFile; fileRef = BEFDCB592A51BECD006B41E8 /* CreateValidator.swift */; };
/* End PBXBuildFile section */

/* Begin PBXFileReference section */
		BE3A3D172A4D688400F03EF7 /* CreateView.swift */ = {isa = PBXFileReference; lastKnownFileType = sourcecode.swift; path = CreateView.swift; sourceTree = "<group>"; };
		BE3A3D1A2A4EB4DC00F03EF7 /* NetworkingManager.swift */ = {isa = PBXFileReference; lastKnownFileType = sourcecode.swift; path = NetworkingManager.swift; sourceTree = "<group>"; };
		BE3A3D1C2A4ED46C00F03EF7 /* PeopleViewModel.swift */ = {isa = PBXFileReference; lastKnownFileType = sourcecode.swift; path = PeopleViewModel.swift; sourceTree = "<group>"; };
		BE52028F2A454DE0003124B8 /* UsersResponse.swift */ = {isa = PBXFileReference; fileEncoding = 4; lastKnownFileType = sourcecode.swift; path = UsersResponse.swift; sourceTree = "<group>"; };
		BE5202912A454DF1003124B8 /* UserDetailResponse.swift */ = {isa = PBXFileReference; fileEncoding = 4; lastKnownFileType = sourcecode.swift; path = UserDetailResponse.swift; sourceTree = "<group>"; };
		BE5202942A4550BD003124B8 /* StaticJsonMapper.swift */ = {isa = PBXFileReference; lastKnownFileType = sourcecode.swift; path = StaticJsonMapper.swift; sourceTree = "<group>"; };
		BE5202982A455F31003124B8 /* PeopleView.swift */ = {isa = PBXFileReference; lastKnownFileType = sourcecode.swift; path = PeopleView.swift; sourceTree = "<group>"; };
		BE52029B2A45608B003124B8 /* symbol.swift */ = {isa = PBXFileReference; lastKnownFileType = sourcecode.swift; path = symbol.swift; sourceTree = "<group>"; };
		BE52029D2A4560A9003124B8 /* theming.swift */ = {isa = PBXFileReference; lastKnownFileType = sourcecode.swift; path = theming.swift; sourceTree = "<group>"; };
		BE5202A02A4561A5003124B8 /* SingleUserData.json */ = {isa = PBXFileReference; lastKnownFileType = text.json; path = SingleUserData.json; sourceTree = "<group>"; };
		BE5202A22A4561D5003124B8 /* UsersStaticData.json */ = {isa = PBXFileReference; lastKnownFileType = text.json; path = UsersStaticData.json; sourceTree = "<group>"; };
		BE5202A42A458856003124B8 /* PersonItemView.swift */ = {isa = PBXFileReference; lastKnownFileType = sourcecode.swift; path = PersonItemView.swift; sourceTree = "<group>"; };
		BE5202A72A458E46003124B8 /* Pill View.swift */ = {isa = PBXFileReference; lastKnownFileType = sourcecode.swift; path = "Pill View.swift"; sourceTree = "<group>"; };
		BE7C521E2A4449790055108C /* Info.plist */ = {isa = PBXFileReference; lastKnownFileType = text.plist; path = Info.plist; sourceTree = "<group>"; };
		BE8E824A2A4EE2C100ACFF79 /* DetailsViewModel.swift */ = {isa = PBXFileReference; lastKnownFileType = sourcecode.swift; path = DetailsViewModel.swift; sourceTree = "<group>"; };
		BE9C76BB2A46C8BF002B4886 /* DetailView.swift */ = {isa = PBXFileReference; lastKnownFileType = sourcecode.swift; path = DetailView.swift; sourceTree = "<group>"; };
		BEBAE3B92A443E41006BE6DA /* Peoples.app */ = {isa = PBXFileReference; explicitFileType = wrapper.application; includeInIndex = 0; path = Peoples.app; sourceTree = BUILT_PRODUCTS_DIR; };
		BEBAE3BC2A443E41006BE6DA /* PeoplesApp.swift */ = {isa = PBXFileReference; lastKnownFileType = sourcecode.swift; path = PeoplesApp.swift; sourceTree = "<group>"; };
		BEBAE3C02A443E43006BE6DA /* Assets.xcassets */ = {isa = PBXFileReference; lastKnownFileType = folder.assetcatalog; path = Assets.xcassets; sourceTree = "<group>"; };
		BEBAE3C32A443E44006BE6DA /* Preview Assets.xcassets */ = {isa = PBXFileReference; lastKnownFileType = folder.assetcatalog; path = "Preview Assets.xcassets"; sourceTree = "<group>"; };
		BEC55DD32A454B59008F371F /* Model.swift */ = {isa = PBXFileReference; lastKnownFileType = sourcecode.swift; path = Model.swift; sourceTree = "<group>"; };
		BEFDCB522A51572A006B41E8 /* Person.swift */ = {isa = PBXFileReference; lastKnownFileType = sourcecode.swift; path = Person.swift; sourceTree = "<group>"; };
		BEFDCB542A51578A006B41E8 /* CreateViewModel.swift */ = {isa = PBXFileReference; lastKnownFileType = sourcecode.swift; path = CreateViewModel.swift; sourceTree = "<group>"; };
		BEFDCB562A51B196006B41E8 /* CheckMarkPopOverViews.swift */ = {isa = PBXFileReference; lastKnownFileType = sourcecode.swift; path = CheckMarkPopOverViews.swift; sourceTree = "<group>"; };
		BEFDCB592A51BECD006B41E8 /* CreateValidator.swift */ = {isa = PBXFileReference; lastKnownFileType = sourcecode.swift; path = CreateValidator.swift; sourceTree = "<group>"; };
/* End PBXFileReference section */

/* Begin PBXFrameworksBuildPhase section */
		BEBAE3B62A443E41006BE6DA /* Frameworks */ = {
			isa = PBXFrameworksBuildPhase;
			buildActionMask = 2147483647;
			files = (
			);
			runOnlyForDeploymentPostprocessing = 0;
		};
/* End PBXFrameworksBuildPhase section */

/* Begin PBXGroup section */
		BE3A3D192A4EB4BF00F03EF7 /* Api */ = {
			isa = PBXGroup;
			children = (
				BE3A3D1A2A4EB4DC00F03EF7 /* NetworkingManager.swift */,
			);
			path = Api;
			sourceTree = "<group>";
		};
		BE5202802A454C87003124B8 /* Features */ = {
			isa = PBXGroup;
			children = (
				BE5202842A454CCC003124B8 /* Detail */,
				BE5202832A454CB8003124B8 /* People */,
				BE5202822A454CAD003124B8 /* Create */,
				BE5202812A454CA4003124B8 /* Settings */,
			);
			path = Features;
			sourceTree = "<group>";
		};
		BE5202812A454CA4003124B8 /* Settings */ = {
			isa = PBXGroup;
			children = (
				BE5202852A454CEC003124B8 /* Views */,
			);
			path = Settings;
			sourceTree = "<group>";
		};
		BE5202822A454CAD003124B8 /* Create */ = {
			isa = PBXGroup;
			children = (
				BEFDCB582A51BEB6006B41E8 /* Validator */,
				BE5202882A454D07003124B8 /* Models */,
				BE5202872A454CFA003124B8 /* ViewModels */,
				BE5202862A454CF4003124B8 /* Views */,
			);
			path = Create;
			sourceTree = "<group>";
		};
		BE5202832A454CB8003124B8 /* People */ = {
			isa = PBXGroup;
			children = (
				BE52028B2A454D21003124B8 /* Models */,
				BE52028A2A454D19003124B8 /* ViewModels */,
				BE5202892A454D10003124B8 /* Views */,
			);
			path = People;
			sourceTree = "<group>";
		};
		BE5202842A454CCC003124B8 /* Detail */ = {
			isa = PBXGroup;
			children = (
				BE52028E2A454D38003124B8 /* Views */,
				BE52028D2A454D2F003124B8 /* ViewModels */,
				BE52028C2A454D28003124B8 /* Models */,
			);
			path = Detail;
			sourceTree = "<group>";
		};
		BE5202852A454CEC003124B8 /* Views */ = {
			isa = PBXGroup;
			children = (
			);
			path = Views;
			sourceTree = "<group>";
		};
		BE5202862A454CF4003124B8 /* Views */ = {
			isa = PBXGroup;
			children = (
				BE3A3D172A4D688400F03EF7 /* CreateView.swift */,
			);
			path = Views;
			sourceTree = "<group>";
		};
		BE5202872A454CFA003124B8 /* ViewModels */ = {
			isa = PBXGroup;
			children = (
				BEFDCB542A51578A006B41E8 /* CreateViewModel.swift */,
			);
			path = ViewModels;
			sourceTree = "<group>";
		};
		BE5202882A454D07003124B8 /* Models */ = {
			isa = PBXGroup;
			children = (
				BEFDCB522A51572A006B41E8 /* Person.swift */,
			);
			path = Models;
			sourceTree = "<group>";
		};
		BE5202892A454D10003124B8 /* Views */ = {
			isa = PBXGroup;
			children = (
				BE5202982A455F31003124B8 /* PeopleView.swift */,
				BE5202A42A458856003124B8 /* PersonItemView.swift */,
			);
			path = Views;
			sourceTree = "<group>";
		};
		BE52028A2A454D19003124B8 /* ViewModels */ = {
			isa = PBXGroup;
			children = (
				BE3A3D1C2A4ED46C00F03EF7 /* PeopleViewModel.swift */,
			);
			path = ViewModels;
			sourceTree = "<group>";
		};
		BE52028B2A454D21003124B8 /* Models */ = {
			isa = PBXGroup;
			children = (
				BE52028F2A454DE0003124B8 /* UsersResponse.swift */,
			);
			path = Models;
			sourceTree = "<group>";
		};
		BE52028C2A454D28003124B8 /* Models */ = {
			isa = PBXGroup;
			children = (
				BE5202912A454DF1003124B8 /* UserDetailResponse.swift */,
			);
			path = Models;
			sourceTree = "<group>";
		};
		BE52028D2A454D2F003124B8 /* ViewModels */ = {
			isa = PBXGroup;
			children = (
				BE8E824A2A4EE2C100ACFF79 /* DetailsViewModel.swift */,
			);
			path = ViewModels;
			sourceTree = "<group>";
		};
		BE52028E2A454D38003124B8 /* Views */ = {
			isa = PBXGroup;
			children = (
				BE9C76BB2A46C8BF002B4886 /* DetailView.swift */,
			);
			path = Views;
			sourceTree = "<group>";
		};
		BE5202932A4550A4003124B8 /* Mapper */ = {
			isa = PBXGroup;
			children = (
				BE5202942A4550BD003124B8 /* StaticJsonMapper.swift */,
			);
			path = Mapper;
			sourceTree = "<group>";
		};
		BE52029A2A45604B003124B8 /* Resource */ = {
			isa = PBXGroup;
			children = (
				BE52029F2A4560B0003124B8 /* Json */,
				BE52029B2A45608B003124B8 /* symbol.swift */,
				BE52029D2A4560A9003124B8 /* theming.swift */,
			);
			path = Resource;
			sourceTree = "<group>";
		};
		BE52029F2A4560B0003124B8 /* Json */ = {
			isa = PBXGroup;
			children = (
				BE5202A02A4561A5003124B8 /* SingleUserData.json */,
				BE5202A22A4561D5003124B8 /* UsersStaticData.json */,
			);
			path = Json;
			sourceTree = "<group>";
		};
		BE5202A62A458E36003124B8 /* Views */ = {
			isa = PBXGroup;
			children = (
				BE5202A72A458E46003124B8 /* Pill View.swift */,
				BEFDCB562A51B196006B41E8 /* CheckMarkPopOverViews.swift */,
			);
			path = Views;
			sourceTree = "<group>";
		};
		BE7C521D2A4445BF0055108C /* Base */ = {
			isa = PBXGroup;
			children = (
				BE3A3D192A4EB4BF00F03EF7 /* Api */,
				BE5202A62A458E36003124B8 /* Views */,
				BE5202932A4550A4003124B8 /* Mapper */,
				BEC55DD22A454B40008F371F /* Models */,
			);
			path = Base;
			sourceTree = "<group>";
		};
		BEBAE3B02A443E41006BE6DA = {
			isa = PBXGroup;
			children = (
				BEBAE3BB2A443E41006BE6DA /* Peoples */,
				BEBAE3BA2A443E41006BE6DA /* Products */,
			);
			sourceTree = "<group>";
		};
		BEBAE3BA2A443E41006BE6DA /* Products */ = {
			isa = PBXGroup;
			children = (
				BEBAE3B92A443E41006BE6DA /* Peoples.app */,
			);
			name = Products;
			sourceTree = "<group>";
		};
		BEBAE3BB2A443E41006BE6DA /* Peoples */ = {
			isa = PBXGroup;
			children = (
				BE52029A2A45604B003124B8 /* Resource */,
				BE7C521E2A4449790055108C /* Info.plist */,
				BE5202802A454C87003124B8 /* Features */,
				BE7C521D2A4445BF0055108C /* Base */,
				BEBAE3BC2A443E41006BE6DA /* PeoplesApp.swift */,
				BEBAE3C02A443E43006BE6DA /* Assets.xcassets */,
				BEBAE3C22A443E44006BE6DA /* Preview Content */,
			);
			path = Peoples;
			sourceTree = "<group>";
		};
		BEBAE3C22A443E44006BE6DA /* Preview Content */ = {
			isa = PBXGroup;
			children = (
				BEBAE3C32A443E44006BE6DA /* Preview Assets.xcassets */,
			);
			path = "Preview Content";
			sourceTree = "<group>";
		};
		BEC55DD22A454B40008F371F /* Models */ = {
			isa = PBXGroup;
			children = (
				BEC55DD32A454B59008F371F /* Model.swift */,
			);
			path = Models;
			sourceTree = "<group>";
		};
		BEFDCB582A51BEB6006B41E8 /* Validator */ = {
			isa = PBXGroup;
			children = (
				BEFDCB592A51BECD006B41E8 /* CreateValidator.swift */,
			);
			path = Validator;
			sourceTree = "<group>";
		};
/* End PBXGroup section */

/* Begin PBXNativeTarget section */
		BEBAE3B82A443E41006BE6DA /* Peoples */ = {
			isa = PBXNativeTarget;
			buildConfigurationList = BEBAE3C72A443E44006BE6DA /* Build configuration list for PBXNativeTarget "Peoples" */;
			buildPhases = (
				BEBAE3B52A443E41006BE6DA /* Sources */,
				BEBAE3B62A443E41006BE6DA /* Frameworks */,
				BEBAE3B72A443E41006BE6DA /* Resources */,
			);
			buildRules = (
			);
			dependencies = (
			);
			name = Peoples;
			productName = Peoples;
			productReference = BEBAE3B92A443E41006BE6DA /* Peoples.app */;
			productType = "com.apple.product-type.application";
		};
/* End PBXNativeTarget section */

/* Begin PBXProject section */
		BEBAE3B12A443E41006BE6DA /* Project object */ = {
			isa = PBXProject;
			attributes = {
				BuildIndependentTargetsInParallel = 1;
				LastSwiftUpdateCheck = 1420;
				LastUpgradeCheck = 1420;
				TargetAttributes = {
					BEBAE3B82A443E41006BE6DA = {
						CreatedOnToolsVersion = 14.2;
					};
				};
			};
			buildConfigurationList = BEBAE3B42A443E41006BE6DA /* Build configuration list for PBXProject "Peoples" */;
			compatibilityVersion = "Xcode 14.0";
			developmentRegion = en;
			hasScannedForEncodings = 0;
			knownRegions = (
				en,
				Base,
			);
			mainGroup = BEBAE3B02A443E41006BE6DA;
			productRefGroup = BEBAE3BA2A443E41006BE6DA /* Products */;
			projectDirPath = "";
			projectRoot = "";
			targets = (
				BEBAE3B82A443E41006BE6DA /* Peoples */,
			);
		};
/* End PBXProject section */

/* Begin PBXResourcesBuildPhase section */
		BEBAE3B72A443E41006BE6DA /* Resources */ = {
			isa = PBXResourcesBuildPhase;
			buildActionMask = 2147483647;
			files = (
				BE5202A32A4561D5003124B8 /* UsersStaticData.json in Resources */,
				BE5202A12A4561A5003124B8 /* SingleUserData.json in Resources */,
				BEBAE3C42A443E44006BE6DA /* Preview Assets.xcassets in Resources */,
				BEBAE3C12A443E43006BE6DA /* Assets.xcassets in Resources */,
			);
			runOnlyForDeploymentPostprocessing = 0;
		};
/* End PBXResourcesBuildPhase section */

/* Begin PBXSourcesBuildPhase section */
		BEBAE3B52A443E41006BE6DA /* Sources */ = {
			isa = PBXSourcesBuildPhase;
			buildActionMask = 2147483647;
			files = (
				BE5202952A4550BD003124B8 /* StaticJsonMapper.swift in Sources */,
				BEC55DD42A454B59008F371F /* Model.swift in Sources */,
				BE8E824B2A4EE2C100ACFF79 /* DetailsViewModel.swift in Sources */,
				BEFDCB552A51578A006B41E8 /* CreateViewModel.swift in Sources */,
				BE5202992A455F31003124B8 /* PeopleView.swift in Sources */,
				BEBAE3BD2A443E41006BE6DA /* PeoplesApp.swift in Sources */,
				BE5202A82A458E46003124B8 /* Pill View.swift in Sources */,
				BE9C76BC2A46C8BF002B4886 /* DetailView.swift in Sources */,
				BEFDCB572A51B196006B41E8 /* CheckMarkPopOverViews.swift in Sources */,
				BE52029E2A4560A9003124B8 /* theming.swift in Sources */,
				BE5202922A454DF1003124B8 /* UserDetailResponse.swift in Sources */,
				BE3A3D1B2A4EB4DC00F03EF7 /* NetworkingManager.swift in Sources */,
				BE52029C2A45608B003124B8 /* symbol.swift in Sources */,
				BE5202A52A458856003124B8 /* PersonItemView.swift in Sources */,
				BE3A3D1D2A4ED46C00F03EF7 /* PeopleViewModel.swift in Sources */,
				BE3A3D182A4D688400F03EF7 /* CreateView.swift in Sources */,
				BEFDCB5A2A51BECD006B41E8 /* CreateValidator.swift in Sources */,
				BEFDCB532A51572A006B41E8 /* Person.swift in Sources */,
				BE5202902A454DE0003124B8 /* UsersResponse.swift in Sources */,
			);
			runOnlyForDeploymentPostprocessing = 0;
		};
/* End PBXSourcesBuildPhase section */

/* Begin XCBuildConfiguration section */
		BEBAE3C52A443E44006BE6DA /* Debug */ = {
			isa = XCBuildConfiguration;
			buildSettings = {
				ALWAYS_SEARCH_USER_PATHS = NO;
				CLANG_ANALYZER_NONNULL = YES;
				CLANG_ANALYZER_NUMBER_OBJECT_CONVERSION = YES_AGGRESSIVE;
				CLANG_CXX_LANGUAGE_STANDARD = "gnu++20";
				CLANG_ENABLE_MODULES = YES;
				CLANG_ENABLE_OBJC_ARC = YES;
				CLANG_ENABLE_OBJC_WEAK = YES;
				CLANG_WARN_BLOCK_CAPTURE_AUTORELEASING = YES;
				CLANG_WARN_BOOL_CONVERSION = YES;
				CLANG_WARN_COMMA = YES;
				CLANG_WARN_CONSTANT_CONVERSION = YES;
				CLANG_WARN_DEPRECATED_OBJC_IMPLEMENTATIONS = YES;
				CLANG_WARN_DIRECT_OBJC_ISA_USAGE = YES_ERROR;
				CLANG_WARN_DOCUMENTATION_COMMENTS = YES;
				CLANG_WARN_EMPTY_BODY = YES;
				CLANG_WARN_ENUM_CONVERSION = YES;
				CLANG_WARN_INFINITE_RECURSION = YES;
				CLANG_WARN_INT_CONVERSION = YES;
				CLANG_WARN_NON_LITERAL_NULL_CONVERSION = YES;
				CLANG_WARN_OBJC_IMPLICIT_RETAIN_SELF = YES;
				CLANG_WARN_OBJC_LITERAL_CONVERSION = YES;
				CLANG_WARN_OBJC_ROOT_CLASS = YES_ERROR;
				CLANG_WARN_QUOTED_INCLUDE_IN_FRAMEWORK_HEADER = YES;
				CLANG_WARN_RANGE_LOOP_ANALYSIS = YES;
				CLANG_WARN_STRICT_PROTOTYPES = YES;
				CLANG_WARN_SUSPICIOUS_MOVE = YES;
				CLANG_WARN_UNGUARDED_AVAILABILITY = YES_AGGRESSIVE;
				CLANG_WARN_UNREACHABLE_CODE = YES;
				CLANG_WARN__DUPLICATE_METHOD_MATCH = YES;
				COPY_PHASE_STRIP = NO;
				DEBUG_INFORMATION_FORMAT = dwarf;
				ENABLE_STRICT_OBJC_MSGSEND = YES;
				ENABLE_TESTABILITY = YES;
				GCC_C_LANGUAGE_STANDARD = gnu11;
				GCC_DYNAMIC_NO_PIC = NO;
				GCC_NO_COMMON_BLOCKS = YES;
				GCC_OPTIMIZATION_LEVEL = 0;
				GCC_PREPROCESSOR_DEFINITIONS = (
					"DEBUG=1",
					"$(inherited)",
				);
				GCC_WARN_64_TO_32_BIT_CONVERSION = YES;
				GCC_WARN_ABOUT_RETURN_TYPE = YES_ERROR;
				GCC_WARN_UNDECLARED_SELECTOR = YES;
				GCC_WARN_UNINITIALIZED_AUTOS = YES_AGGRESSIVE;
				GCC_WARN_UNUSED_FUNCTION = YES;
				GCC_WARN_UNUSED_VARIABLE = YES;
				IPHONEOS_DEPLOYMENT_TARGET = 16.2;
				MTL_ENABLE_DEBUG_INFO = INCLUDE_SOURCE;
				MTL_FAST_MATH = YES;
				ONLY_ACTIVE_ARCH = YES;
				SDKROOT = iphoneos;
				SWIFT_ACTIVE_COMPILATION_CONDITIONS = DEBUG;
				SWIFT_OPTIMIZATION_LEVEL = "-Onone";
			};
			name = Debug;
		};
		BEBAE3C62A443E44006BE6DA /* Release */ = {
			isa = XCBuildConfiguration;
			buildSettings = {
				ALWAYS_SEARCH_USER_PATHS = NO;
				CLANG_ANALYZER_NONNULL = YES;
				CLANG_ANALYZER_NUMBER_OBJECT_CONVERSION = YES_AGGRESSIVE;
				CLANG_CXX_LANGUAGE_STANDARD = "gnu++20";
				CLANG_ENABLE_MODULES = YES;
				CLANG_ENABLE_OBJC_ARC = YES;
				CLANG_ENABLE_OBJC_WEAK = YES;
				CLANG_WARN_BLOCK_CAPTURE_AUTORELEASING = YES;
				CLANG_WARN_BOOL_CONVERSION = YES;
				CLANG_WARN_COMMA = YES;
				CLANG_WARN_CONSTANT_CONVERSION = YES;
				CLANG_WARN_DEPRECATED_OBJC_IMPLEMENTATIONS = YES;
				CLANG_WARN_DIRECT_OBJC_ISA_USAGE = YES_ERROR;
				CLANG_WARN_DOCUMENTATION_COMMENTS = YES;
				CLANG_WARN_EMPTY_BODY = YES;
				CLANG_WARN_ENUM_CONVERSION = YES;
				CLANG_WARN_INFINITE_RECURSION = YES;
				CLANG_WARN_INT_CONVERSION = YES;
				CLANG_WARN_NON_LITERAL_NULL_CONVERSION = YES;
				CLANG_WARN_OBJC_IMPLICIT_RETAIN_SELF = YES;
				CLANG_WARN_OBJC_LITERAL_CONVERSION = YES;
				CLANG_WARN_OBJC_ROOT_CLASS = YES_ERROR;
				CLANG_WARN_QUOTED_INCLUDE_IN_FRAMEWORK_HEADER = YES;
				CLANG_WARN_RANGE_LOOP_ANALYSIS = YES;
				CLANG_WARN_STRICT_PROTOTYPES = YES;
				CLANG_WARN_SUSPICIOUS_MOVE = YES;
				CLANG_WARN_UNGUARDED_AVAILABILITY = YES_AGGRESSIVE;
				CLANG_WARN_UNREACHABLE_CODE = YES;
				CLANG_WARN__DUPLICATE_METHOD_MATCH = YES;
				COPY_PHASE_STRIP = NO;
				DEBUG_INFORMATION_FORMAT = "dwarf-with-dsym";
				ENABLE_NS_ASSERTIONS = NO;
				ENABLE_STRICT_OBJC_MSGSEND = YES;
				GCC_C_LANGUAGE_STANDARD = gnu11;
				GCC_NO_COMMON_BLOCKS = YES;
				GCC_WARN_64_TO_32_BIT_CONVERSION = YES;
				GCC_WARN_ABOUT_RETURN_TYPE = YES_ERROR;
				GCC_WARN_UNDECLARED_SELECTOR = YES;
				GCC_WARN_UNINITIALIZED_AUTOS = YES_AGGRESSIVE;
				GCC_WARN_UNUSED_FUNCTION = YES;
				GCC_WARN_UNUSED_VARIABLE = YES;
				IPHONEOS_DEPLOYMENT_TARGET = 16.2;
				MTL_ENABLE_DEBUG_INFO = NO;
				MTL_FAST_MATH = YES;
				SDKROOT = iphoneos;
				SWIFT_COMPILATION_MODE = wholemodule;
				SWIFT_OPTIMIZATION_LEVEL = "-O";
				VALIDATE_PRODUCT = YES;
			};
			name = Release;
		};
		BEBAE3C82A443E44006BE6DA /* Debug */ = {
			isa = XCBuildConfiguration;
			buildSettings = {
				ASSETCATALOG_COMPILER_APPICON_NAME = AppIcon;
				ASSETCATALOG_COMPILER_GLOBAL_ACCENT_COLOR_NAME = AccentColor;
				CODE_SIGN_STYLE = Automatic;
				CURRENT_PROJECT_VERSION = 1;
				DEVELOPMENT_ASSET_PATHS = "\"Peoples/Preview Content\"";
				ENABLE_PREVIEWS = YES;
				GENERATE_INFOPLIST_FILE = YES;
				INFOPLIST_FILE = Peoples/Info.plist;
				INFOPLIST_KEY_UIApplicationSceneManifest_Generation = YES;
				INFOPLIST_KEY_UIApplicationSupportsIndirectInputEvents = YES;
				INFOPLIST_KEY_UISupportedInterfaceOrientations_iPad = "UIInterfaceOrientationPortrait UIInterfaceOrientationPortraitUpsideDown UIInterfaceOrientationLandscapeLeft UIInterfaceOrientationLandscapeRight";
				INFOPLIST_KEY_UISupportedInterfaceOrientations_iPhone = "UIInterfaceOrientationPortrait UIInterfaceOrientationLandscapeLeft UIInterfaceOrientationLandscapeRight";
				LD_RUNPATH_SEARCH_PATHS = (
					"$(inherited)",
					"@executable_path/Frameworks",
				);
				MARKETING_VERSION = 1.0;
				PRODUCT_BUNDLE_IDENTIFIER = "com.netlify.david-oh.Peoples";
				PRODUCT_NAME = "$(TARGET_NAME)";
				SWIFT_EMIT_LOC_STRINGS = YES;
				SWIFT_VERSION = 5.0;
				TARGETED_DEVICE_FAMILY = "1,2";
			};
			name = Debug;
		};
		BEBAE3C92A443E44006BE6DA /* Release */ = {
			isa = XCBuildConfiguration;
			buildSettings = {
				ASSETCATALOG_COMPILER_APPICON_NAME = AppIcon;
				ASSETCATALOG_COMPILER_GLOBAL_ACCENT_COLOR_NAME = AccentColor;
				CODE_SIGN_STYLE = Automatic;
				CURRENT_PROJECT_VERSION = 1;
				DEVELOPMENT_ASSET_PATHS = "\"Peoples/Preview Content\"";
				ENABLE_PREVIEWS = YES;
				GENERATE_INFOPLIST_FILE = YES;
				INFOPLIST_FILE = Peoples/Info.plist;
				INFOPLIST_KEY_UIApplicationSceneManifest_Generation = YES;
				INFOPLIST_KEY_UIApplicationSupportsIndirectInputEvents = YES;
				INFOPLIST_KEY_UISupportedInterfaceOrientations_iPad = "UIInterfaceOrientationPortrait UIInterfaceOrientationPortraitUpsideDown UIInterfaceOrientationLandscapeLeft UIInterfaceOrientationLandscapeRight";
				INFOPLIST_KEY_UISupportedInterfaceOrientations_iPhone = "UIInterfaceOrientationPortrait UIInterfaceOrientationLandscapeLeft UIInterfaceOrientationLandscapeRight";
				LD_RUNPATH_SEARCH_PATHS = (
					"$(inherited)",
					"@executable_path/Frameworks",
				);
				MARKETING_VERSION = 1.0;
				PRODUCT_BUNDLE_IDENTIFIER = "com.netlify.david-oh.Peoples";
				PRODUCT_NAME = "$(TARGET_NAME)";
				SWIFT_EMIT_LOC_STRINGS = YES;
				SWIFT_VERSION = 5.0;
				TARGETED_DEVICE_FAMILY = "1,2";
			};
			name = Release;
		};
/* End XCBuildConfiguration section */

/* Begin XCConfigurationList section */
		BEBAE3B42A443E41006BE6DA /* Build configuration list for PBXProject "Peoples" */ = {
			isa = XCConfigurationList;
			buildConfigurations = (
				BEBAE3C52A443E44006BE6DA /* Debug */,
				BEBAE3C62A443E44006BE6DA /* Release */,
			);
			defaultConfigurationIsVisible = 0;
			defaultConfigurationName = Release;
		};
		BEBAE3C72A443E44006BE6DA /* Build configuration list for PBXNativeTarget "Peoples" */ = {
			isa = XCConfigurationList;
			buildConfigurations = (
				BEBAE3C82A443E44006BE6DA /* Debug */,
				BEBAE3C92A443E44006BE6DA /* Release */,
			);
			defaultConfigurationIsVisible = 0;
			defaultConfigurationName = Release;
		};
/* End XCConfigurationList section */
	};
	rootObject = BEBAE3B12A443E41006BE6DA /* Project object */;
}
